
Microsoft Visual Studio Solution File, Format Version 12.00
# Visual Studio Version 17
VisualStudioVersion = 17.12.35707.178 d17.12
MinimumVisualStudioVersion = 10.0.40219.1
Project("{FAE04EC0-301F-11D3-BF4B-00C04F79EFBC}") = "Dia_Semana_Swith", "Dia_Semana_Swith\Dia_Semana_Swith.csproj", "{0D960C16-9A8B-4A98-A67F-8FFF812E26EA}"
EndProject
Global
	GlobalSection(SolutionConfigurationPlatforms) = preSolution
		Debug|Any CPU = Debug|Any CPU
		Release|Any CPU = Release|Any CPU
	EndGlobalSection
	GlobalSection(ProjectConfigurationPlatforms) = postSolution
		{0D960C16-9A8B-4A98-A67F-8FFF812E26EA}.Debug|Any CPU.ActiveCfg = Debug|Any CPU
		{0D960C16-9A8B-4A98-A67F-8FFF812E26EA}.Debug|Any CPU.Build.0 = Debug|Any CPU
		{0D960C16-9A8B-4A98-A67F-8FFF812E26EA}.Release|Any CPU.ActiveCfg = Release|Any CPU
		{0D960C16-9A8B-4A98-A67F-8FFF812E26EA}.Release|Any CPU.Build.0 = Release|Any CPU
	EndGlobalSection
	GlobalSection(SolutionProperties) = preSolution
		HideSolutionNode = FALSE
	EndGlobalSection
EndGlobal
